{
  "nodes": {
    "brew-src": {
      "flake": false,
      "locked": {
        "lastModified": 1788591592,
        "narHash": "sha256-NbwVKwKLFl0oXub7oPjvmDaOygCtV2oboeKTu4xXFTk=",
        "owner": "Homebrew",
        "repo": "brew",
        "rev": "08e85c4e42f5d8f1ea17c36cb59cf61c2ccb26c3",
        "type": "github"
      },
      "original": {
        "owner": "Homebrew",
        "ref": "6.0.22",
        "repo": "brew",
        "type": "github"
      }
    },
    "home-manager": {
      "inputs": {
        "nixpkgs": [
          "nixpkgs"
        ]
      },
      "locked": {
        "lastModified": 1789430117,
        "narHash": "sha256-t+U1mijItLJ64xZOifpfQ17kpAL73nU7pDI48ScacVc=",
        "owner": "nix-community",
        "repo": "home-manager",
        "rev": "cda90fd8838825c689fde9d3f3b4e937937790df",
        "type": "github"
      },
      "original": {
        "owner": "nix-community",
        "ref": "master",
        "repo": "home-manager",
        "type": "github"
      }
    },
    "homebrew-cask": {
      "flake": false,
      "locked": {
        "lastModified": 1789432360,
        "narHash": "sha256-Z7zUmmqQPAg7MOFlv4Nlk0Sudw7k55mAEBQ3Pl2dxf8=",
        "owner": "homebrew",
        "repo": "homebrew-cask",
        "rev": "bec09ed89ba06931ed5fa8481dc1c46d0cd90787",
        "type": "github"
      },
      "original": {
        "owner": "homebrew",
        "repo": "homebrew-cask",
        "type": "github"
      }
    },
    "homebrew-core": {
      "flake": false,
      "locked": {
        "lastModified": 1789432448,
        "narHash": "sha256-8/62afpGGSuqDXSeWwj7KsWkvckRiAcC7CrGZ6OMkxk=",
        "owner": "homebrew",
        "repo": "homebrew-core",
        "rev": "0bd38c94c8cf64fd04642f3847254c551af099a4",
        "type": "github"
      },
      "original": {
        "owner": "homebrew",
        "repo": "homebrew-core",
        "type": "github"
      }
    },
    "nix-darwin": {
      "inputs": {
        "nixpkgs": [
          "nixpkgs"
        ]
      },
      "locked": {
        "lastModified": 1786845137,
        "narHash": "sha256-oQFip+v0luP8NIxJzmiW4Wu8bILsbFWom5l0zonl8hQ=",
        "owner": "nix-darwin",
        "repo": "nix-darwin",
        "rev": "4cff07de74b50e64bdd68cd4e722ab5b6b35ee48",
        "type": "github"
      },
      "original": {
        "owner": "nix-darwin",
        "ref": "master",
        "repo": "nix-darwin",
        "type": "github"
      }
    },
    "nix-homebrew": {
      "inputs": {
        "brew-src": "brew-src"
      },
      "locked": {
        "lastModified": 1788981439,
        "narHash": "sha256-fEaFq0XgpgWFPLfpq1UK4/8ylHd2T0+fo6O3hKz1LUM=",
        "owner": "zhaofengli",
        "repo": "nix-homebrew",
        "rev": "09a921d0181146cf6163ec2cc1db7b6fd539a885",
        "type": "github"
      },
      "original": {
        "owner": "zhaofengli",
        "repo": "nix-homebrew",
        "type": "github"
      }
    },
    "nixpkgs": {
      "locked": {
        "lastModified": 1789370336,
        "narHash": "sha256-6RSEDHIWQtesQKWSu5qRai8L2h4KgCgMEfJHstW99G4=",
        "owner": "NixOS",
        "repo": "nixpkgs",
        "rev": "c7def046b9a883d46974757852106483d741586f",
        "type": "github"
      },
      "original": {
        "owner": "NixOS",
        "ref": "nixpkgs-unstable",
        "repo": "nixpkgs",
        "type": "github"
      }
    },
    "nixpkgs-stable": {
      "locked": {
        "lastModified": 1789155820,
        "narHash": "sha256-cTHZTeYRV42p62ss3ZEFnBXrW3WpLgDpYWYyat4V2b8=",
        "owner": "NixOS",
        "repo": "nixpkgs",
        "rev": "8029b6c369415ee1ef02a86f352806348f104db9",
        "type": "github"
      },
      "original": {
        "owner": "NixOS",
        "ref": "nixpkgs-26.05-darwin",
        "repo": "nixpkgs",
        "type": "github"
      }
    },
    "root": {
      "inputs": {
        "home-manager": "home-manager",
        "homebrew-cask": "homebrew-cask",
        "homebrew-core": "homebrew-core",
        "nix-darwin": "nix-darwin",
        "nix-homebrew": "nix-homebrew",
        "nixpkgs": "nixpkgs",
        "nixpkgs-stable": "nixpkgs-stable"
      }
    }
  },
  "root": "root",
  "version": 7
}
